schema: '2.0'
stages:
  data_generation:
    cmd: python scripts/ka_scripts/generate_training_data.py 1
    deps:
    - path: scripts/ka_scripts/generate_training_data.py
      hash: md5
      md5: 1d2dc487f81b8e40157ab7cb9c1ed66c
      size: 5329
    outs:
    - path: data/raw/ka_lending_club_dataset.csv
      hash: md5
      md5: 728cb9369324f5159b2d741d3d149bfe
      size: 1747802
  data_preprocessing:
    cmd: python src/ka_modules/ka_data_preprocessing.py
    deps:
    - path: data/raw/ka_lending_club_dataset.csv
      hash: md5
      md5: 728cb9369324f5159b2d741d3d149bfe
      size: 1747802
    - path: src/ka_modules/ka_data_preprocessing.py
      hash: md5
      md5: 45f40d805f7fc11a587f4ba397b8dabc
      size: 6375
    outs:
    - path: data/processed/ka_files/ka_X_test.csv
      hash: md5
      md5: 2d717fd10432092e17f20a32e78e83fc
      size: 257601
    - path: data/processed/ka_files/ka_X_train.csv
      hash: md5
      md5: c13e8b8093895b167c37845c42b4a64c
      size: 1030634
    - path: data/processed/ka_files/ka_y_test.csv
      hash: md5
      md5: 5e443ba1cd716c8449baa4810991f85c
      size: 4813
    - path: data/processed/ka_files/ka_y_train.csv
      hash: md5
      md5: a4bd1b04437d75098ca7d1558c65bf79
      size: 19213
  model_training:
    cmd: python src/ka_modules/ka_model_training.py
    deps:
    - path: data/processed/ka_files/ka_X_test.csv
      hash: md5
      md5: 2d717fd10432092e17f20a32e78e83fc
      size: 257601
    - path: data/processed/ka_files/ka_X_train.csv
      hash: md5
      md5: c13e8b8093895b167c37845c42b4a64c
      size: 1030634
    - path: data/processed/ka_files/ka_y_test.csv
      hash: md5
      md5: 5e443ba1cd716c8449baa4810991f85c
      size: 4813
    - path: data/processed/ka_files/ka_y_train.csv
      hash: md5
      md5: a4bd1b04437d75098ca7d1558c65bf79
      size: 19213
    - path: src/ka_modules/ka_model_training.py
      hash: md5
      md5: 0cee96b3bf9f3956df31fc7e5e64598c
      size: 22681
    outs:
    - path: metrics/ka_metrics/ka_model_metrics.json
      hash: md5
      md5: 25bc908e86022f0e6910feb0918804c3
      size: 172
    - path: models/ka_models/ka_loan_default_model.joblib
      hash: md5
      md5: 43213df1055949128ee362a50aa4463f
      size: 1616153
